
Microsoft Visual Studio Solution File, Format Version 11.00
# Visual Studio 2010
Project("{FAE04EC0-301F-11D3-BF4B-00C04F79EFBC}") = "ball-maze", "Assembly-CSharp.csproj", "{92FB3A2D-14F0-2085-3B40-66C00D6BE3AF}"
EndProject
Project("{FAE04EC0-301F-11D3-BF4B-00C04F79EFBC}") = "ball-maze", "Assembly-CSharp-Editor.csproj", "{95004CC1-D763-7157-B177-84E756E02F2A}"
EndProject
Global
	GlobalSection(SolutionConfigurationPlatforms) = preSolution
		Debug|Any CPU = Debug|Any CPU
		Release|Any CPU = Release|Any CPU
	EndGlobalSection
	GlobalSection(ProjectConfigurationPlatforms) = postSolution
		{92FB3A2D-14F0-2085-3B40-66C00D6BE3AF}.Debug|Any CPU.ActiveCfg = Debug|Any CPU
		{92FB3A2D-14F0-2085-3B40-66C00D6BE3AF}.Debug|Any CPU.Build.0 = Debug|Any CPU
		{92FB3A2D-14F0-2085-3B40-66C00D6BE3AF}.Release|Any CPU.ActiveCfg = Release|Any CPU
		{92FB3A2D-14F0-2085-3B40-66C00D6BE3AF}.Release|Any CPU.Build.0 = Release|Any CPU
		{95004CC1-D763-7157-B177-84E756E02F2A}.Debug|Any CPU.ActiveCfg = Debug|Any CPU
		{95004CC1-D763-7157-B177-84E756E02F2A}.Debug|Any CPU.Build.0 = Debug|Any CPU
		{95004CC1-D763-7157-B177-84E756E02F2A}.Release|Any CPU.ActiveCfg = Release|Any CPU
		{95004CC1-D763-7157-B177-84E756E02F2A}.Release|Any CPU.Build.0 = Release|Any CPU
	EndGlobalSection
	GlobalSection(SolutionProperties) = preSolution
		HideSolutionNode = FALSE
	EndGlobalSection
	GlobalSection(MonoDevelopProperties) = preSolution
		StartupItem = Assembly-CSharp.csproj
	EndGlobalSection
EndGlobal
